// !$*UTF8*$!
{
	archiveVersion = 1;
	classes = {
	};
	objectVersion = 55;
	objects = {

/* Begin PBXBuildFile section */
		516B256627E9CBF60070BC61 /* AppDelegate.swift in Sources */ = {isa = PBXBuildFile; fileRef = 516B256527E9CBF60070BC61 /* AppDelegate.swift */; };
		516B256A27E9CBF60070BC61 /* Actions.sks in Resources */ = {isa = PBXBuildFile; fileRef = 516B256927E9CBF60070BC61 /* Actions.sks */; };
		516B256E27E9CBF60070BC61 /* GameViewController.swift in Sources */ = {isa = PBXBuildFile; fileRef = 516B256D27E9CBF60070BC61 /* GameViewController.swift */; };
		516B257127E9CBF60070BC61 /* Main.storyboard in Resources */ = {isa = PBXBuildFile; fileRef = 516B256F27E9CBF60070BC61 /* Main.storyboard */; };
		516B257327E9CBF80070BC61 /* Assets.xcassets in Resources */ = {isa = PBXBuildFile; fileRef = 516B257227E9CBF80070BC61 /* Assets.xcassets */; };
		516B257627E9CBF80070BC61 /* LaunchScreen.storyboard in Resources */ = {isa = PBXBuildFile; fileRef = 516B257427E9CBF80070BC61 /* LaunchScreen.storyboard */; };
		516B257D27E9CECC0070BC61 /* WPGame.swift in Sources */ = {isa = PBXBuildFile; fileRef = 516B257C27E9CECC0070BC61 /* WPGame.swift */; };
		516B258027E9D0630070BC61 /* GameKit.framework in Frameworks */ = {isa = PBXBuildFile; fileRef = 516B257F27E9D0630070BC61 /* GameKit.framework */; };
		516B258227E9D2830070BC61 /* WPScene.swift in Sources */ = {isa = PBXBuildFile; fileRef = 516B258127E9D2830070BC61 /* WPScene.swift */; };
		516B258427E9E77B0070BC61 /* WPEntity.swift in Sources */ = {isa = PBXBuildFile; fileRef = 516B258327E9E77B0070BC61 /* WPEntity.swift */; };
		516B258627E9E7FD0070BC61 /* WPHealthComponent.swift in Sources */ = {isa = PBXBuildFile; fileRef = 516B258527E9E7FD0070BC61 /* WPHealthComponent.swift */; };
		516B258827E9EAB70070BC61 /* WPHealthState.swift in Sources */ = {isa = PBXBuildFile; fileRef = 516B258727E9EAB70070BC61 /* WPHealthState.swift */; };
		516B258A27E9EC1E0070BC61 /* WPDefendState.swift in Sources */ = {isa = PBXBuildFile; fileRef = 516B258927E9EC1E0070BC61 /* WPDefendState.swift */; };
		516B258C27E9ECA80070BC61 /* WPHitState.swift in Sources */ = {isa = PBXBuildFile; fileRef = 516B258B27E9ECA80070BC61 /* WPHitState.swift */; };
		516B258E27E9ED0E0070BC61 /* WPDefeatedState.swift in Sources */ = {isa = PBXBuildFile; fileRef = 516B258D27E9ED0E0070BC61 /* WPDefeatedState.swift */; };
		516B259027E9ED1F0070BC61 /* WPInvulnerableState.swift in Sources */ = {isa = PBXBuildFile; fileRef = 516B258F27E9ED1F0070BC61 /* WPInvulnerableState.swift */; };
		516B259427E9F7FF0070BC61 /* WPSpriteNode.swift in Sources */ = {isa = PBXBuildFile; fileRef = 516B259327E9F7FF0070BC61 /* WPSpriteNode.swift */; };
		516B259627E9F84F0070BC61 /* WPSpriteComponent.swift in Sources */ = {isa = PBXBuildFile; fileRef = 516B259527E9F84F0070BC61 /* WPSpriteComponent.swift */; };
		516B259927EA15090070BC61 /* WPGameState.swift in Sources */ = {isa = PBXBuildFile; fileRef = 516B259827EA15090070BC61 /* WPGameState.swift */; };
		516B259B27EA44B50070BC61 /* WPBaseStreakState.swift in Sources */ = {isa = PBXBuildFile; fileRef = 516B259A27EA44B50070BC61 /* WPBaseStreakState.swift */; };
		516B259D27EA45890070BC61 /* WP2XStreakState.swift in Sources */ = {isa = PBXBuildFile; fileRef = 516B259C27EA45890070BC61 /* WP2XStreakState.swift */; };
		516B259F27EA45BD0070BC61 /* WP3XStreakState.swift in Sources */ = {isa = PBXBuildFile; fileRef = 516B259E27EA45BD0070BC61 /* WP3XStreakState.swift */; };
		516B25A127EA45EA0070BC61 /* WP4XStreakState.swift in Sources */ = {isa = PBXBuildFile; fileRef = 516B25A027EA45EA0070BC61 /* WP4XStreakState.swift */; };
		516B25A327EA460F0070BC61 /* WPGameOverState.swift in Sources */ = {isa = PBXBuildFile; fileRef = 516B25A227EA460F0070BC61 /* WPGameOverState.swift */; };
		516B25A527EA91AA0070BC61 /* WPAttackComponent.swift in Sources */ = {isa = PBXBuildFile; fileRef = 516B25A427EA91AA0070BC61 /* WPAttackComponent.swift */; };
		51ECA6FC27ECCDDC00F2EAAD /* VT323-Regular.ttf in Resources */ = {isa = PBXBuildFile; fileRef = 51ECA6FB27ECCDDC00F2EAAD /* VT323-Regular.ttf */; };
		51ECA70027ED26E500F2EAAD /* magello2.mp3 in Resources */ = {isa = PBXBuildFile; fileRef = 51ECA6FF27ED26E500F2EAAD /* magello2.mp3 */; };
		51ECA70227ED271000F2EAAD /* SKTAudio.swift in Sources */ = {isa = PBXBuildFile; fileRef = 51ECA70127ED271000F2EAAD /* SKTAudio.swift */; };
		51ECA70427ED2CF900F2EAAD /* swosh.mp3 in Resources */ = {isa = PBXBuildFile; fileRef = 51ECA70327ED2CF900F2EAAD /* swosh.mp3 */; };
/* End PBXBuildFile section */

/* Begin PBXFileReference section */
		516B256227E9CBF60070BC61 /* WillPower.app */ = {isa = PBXFileReference; explicitFileType = wrapper.application; includeInIndex = 0; path = WillPower.app; sourceTree = BUILT_PRODUCTS_DIR; };
		516B256527E9CBF60070BC61 /* AppDelegate.swift */ = {isa = PBXFileReference; lastKnownFileType = sourcecode.swift; path = AppDelegate.swift; sourceTree = "<group>"; };
		516B256927E9CBF60070BC61 /* Actions.sks */ = {isa = PBXFileReference; lastKnownFileType = file.sks; path = Actions.sks; sourceTree = "<group>"; };
		516B256D27E9CBF60070BC61 /* GameViewController.swift */ = {isa = PBXFileReference; lastKnownFileType = sourcecode.swift; path = GameViewController.swift; sourceTree = "<group>"; };
		516B257027E9CBF60070BC61 /* Base */ = {isa = PBXFileReference; lastKnownFileType = file.storyboard; name = Base; path = Base.lproj/Main.storyboard; sourceTree = "<group>"; };
		516B257227E9CBF80070BC61 /* Assets.xcassets */ = {isa = PBXFileReference; lastKnownFileType = folder.assetcatalog; path = Assets.xcassets; sourceTree = "<group>"; };
		516B257527E9CBF80070BC61 /* Base */ = {isa = PBXFileReference; lastKnownFileType = file.storyboard; name = Base; path = Base.lproj/LaunchScreen.storyboard; sourceTree = "<group>"; };
		516B257C27E9CECC0070BC61 /* WPGame.swift */ = {isa = PBXFileReference; lastKnownFileType = sourcecode.swift; path = WPGame.swift; sourceTree = "<group>"; };
		516B257F27E9D0630070BC61 /* GameKit.framework */ = {isa = PBXFileReference; lastKnownFileType = wrapper.framework; name = GameKit.framework; path = System/Library/Frameworks/GameKit.framework; sourceTree = SDKROOT; };
		516B258127E9D2830070BC61 /* WPScene.swift */ = {isa = PBXFileReference; lastKnownFileType = sourcecode.swift; path = WPScene.swift; sourceTree = "<group>"; };
		516B258327E9E77B0070BC61 /* WPEntity.swift */ = {isa = PBXFileReference; lastKnownFileType = sourcecode.swift; path = WPEntity.swift; sourceTree = "<group>"; };
		516B258527E9E7FD0070BC61 /* WPHealthComponent.swift */ = {isa = PBXFileReference; lastKnownFileType = sourcecode.swift; path = WPHealthComponent.swift; sourceTree = "<group>"; };
		516B258727E9EAB70070BC61 /* WPHealthState.swift */ = {isa = PBXFileReference; lastKnownFileType = sourcecode.swift; path = WPHealthState.swift; sourceTree = "<group>"; };
		516B258927E9EC1E0070BC61 /* WPDefendState.swift */ = {isa = PBXFileReference; lastKnownFileType = sourcecode.swift; path = WPDefendState.swift; sourceTree = "<group>"; };
		516B258B27E9ECA80070BC61 /* WPHitState.swift */ = {isa = PBXFileReference; lastKnownFileType = sourcecode.swift; path = WPHitState.swift; sourceTree = "<group>"; };
		516B258D27E9ED0E0070BC61 /* WPDefeatedState.swift */ = {isa = PBXFileReference; lastKnownFileType = sourcecode.swift; path = WPDefeatedState.swift; sourceTree = "<group>"; };
		516B258F27E9ED1F0070BC61 /* WPInvulnerableState.swift */ = {isa = PBXFileReference; lastKnownFileType = sourcecode.swift; path = WPInvulnerableState.swift; sourceTree = "<group>"; };
		516B259327E9F7FF0070BC61 /* WPSpriteNode.swift */ = {isa = PBXFileReference; lastKnownFileType = sourcecode.swift; path = WPSpriteNode.swift; sourceTree = "<group>"; };
		516B259527E9F84F0070BC61 /* WPSpriteComponent.swift */ = {isa = PBXFileReference; lastKnownFileType = sourcecode.swift; path = WPSpriteComponent.swift; sourceTree = "<group>"; };
		516B259827EA15090070BC61 /* WPGameState.swift */ = {isa = PBXFileReference; lastKnownFileType = sourcecode.swift; path = WPGameState.swift; sourceTree = "<group>"; };
		516B259A27EA44B50070BC61 /* WPBaseStreakState.swift */ = {isa = PBXFileReference; lastKnownFileType = sourcecode.swift; path = WPBaseStreakState.swift; sourceTree = "<group>"; };
		516B259C27EA45890070BC61 /* WP2XStreakState.swift */ = {isa = PBXFileReference; lastKnownFileType = sourcecode.swift; path = WP2XStreakState.swift; sourceTree = "<group>"; };
		516B259E27EA45BD0070BC61 /* WP3XStreakState.swift */ = {isa = PBXFileReference; lastKnownFileType = sourcecode.swift; path = WP3XStreakState.swift; sourceTree = "<group>"; };
		516B25A027EA45EA0070BC61 /* WP4XStreakState.swift */ = {isa = PBXFileReference; lastKnownFileType = sourcecode.swift; path = WP4XStreakState.swift; sourceTree = "<group>"; };
		516B25A227EA460F0070BC61 /* WPGameOverState.swift */ = {isa = PBXFileReference; lastKnownFileType = sourcecode.swift; path = WPGameOverState.swift; sourceTree = "<group>"; };
		516B25A427EA91AA0070BC61 /* WPAttackComponent.swift */ = {isa = PBXFileReference; lastKnownFileType = sourcecode.swift; path = WPAttackComponent.swift; sourceTree = "<group>"; };
		51ECA6FB27ECCDDC00F2EAAD /* VT323-Regular.ttf */ = {isa = PBXFileReference; lastKnownFileType = file; path = "VT323-Regular.ttf"; sourceTree = "<group>"; };
		51ECA6FD27ECCE0800F2EAAD /* Info.plist */ = {isa = PBXFileReference; lastKnownFileType = text.plist.xml; path = Info.plist; sourceTree = "<group>"; };
		51ECA6FF27ED26E500F2EAAD /* magello2.mp3 */ = {isa = PBXFileReference; lastKnownFileType = audio.mp3; path = magello2.mp3; sourceTree = "<group>"; };
		51ECA70127ED271000F2EAAD /* SKTAudio.swift */ = {isa = PBXFileReference; lastKnownFileType = sourcecode.swift; path = SKTAudio.swift; sourceTree = "<group>"; };
		51ECA70327ED2CF900F2EAAD /* swosh.mp3 */ = {isa = PBXFileReference; lastKnownFileType = audio.mp3; path = swosh.mp3; sourceTree = "<group>"; };
/* End PBXFileReference section */

/* Begin PBXFrameworksBuildPhase section */
		516B255F27E9CBF60070BC61 /* Frameworks */ = {
			isa = PBXFrameworksBuildPhase;
			buildActionMask = 2147483647;
			files = (
				516B258027E9D0630070BC61 /* GameKit.framework in Frameworks */,
			);
			runOnlyForDeploymentPostprocessing = 0;
		};
/* End PBXFrameworksBuildPhase section */

/* Begin PBXGroup section */
		516B255927E9CBF60070BC61 = {
			isa = PBXGroup;
			children = (
				516B256427E9CBF60070BC61 /* WillPower */,
				516B256327E9CBF60070BC61 /* Products */,
				516B257E27E9D0630070BC61 /* Frameworks */,
			);
			sourceTree = "<group>";
		};
		516B256327E9CBF60070BC61 /* Products */ = {
			isa = PBXGroup;
			children = (
				516B256227E9CBF60070BC61 /* WillPower.app */,
			);
			name = Products;
			sourceTree = "<group>";
		};
		516B256427E9CBF60070BC61 /* WillPower */ = {
			isa = PBXGroup;
			children = (
				51ECA6FE27ED26B800F2EAAD /* Audio */,
				51ECA6FD27ECCE0800F2EAAD /* Info.plist */,
				51ECA6FA27ECCDC100F2EAAD /* Font */,
				516B259727EA14F70070BC61 /* GameStates */,
				516B259127E9F79E0070BC61 /* Entity-Component */,
				516B256527E9CBF60070BC61 /* AppDelegate.swift */,
				516B256927E9CBF60070BC61 /* Actions.sks */,
				516B256D27E9CBF60070BC61 /* GameViewController.swift */,
				516B256F27E9CBF60070BC61 /* Main.storyboard */,
				516B257227E9CBF80070BC61 /* Assets.xcassets */,
				516B257427E9CBF80070BC61 /* LaunchScreen.storyboard */,
				516B257C27E9CECC0070BC61 /* WPGame.swift */,
				516B258127E9D2830070BC61 /* WPScene.swift */,
				516B259327E9F7FF0070BC61 /* WPSpriteNode.swift */,
				51ECA70127ED271000F2EAAD /* SKTAudio.swift */,
			);
			path = WillPower;
			sourceTree = "<group>";
		};
		516B257E27E9D0630070BC61 /* Frameworks */ = {
			isa = PBXGroup;
			children = (
				516B257F27E9D0630070BC61 /* GameKit.framework */,
			);
			name = Frameworks;
			sourceTree = "<group>";
		};
		516B259127E9F79E0070BC61 /* Entity-Component */ = {
			isa = PBXGroup;
			children = (
				516B259227E9F7BE0070BC61 /* HealthStates */,
				516B258327E9E77B0070BC61 /* WPEntity.swift */,
				516B258527E9E7FD0070BC61 /* WPHealthComponent.swift */,
				516B259527E9F84F0070BC61 /* WPSpriteComponent.swift */,
				516B25A427EA91AA0070BC61 /* WPAttackComponent.swift */,
			);
			path = "Entity-Component";
			sourceTree = "<group>";
		};
		516B259227E9F7BE0070BC61 /* HealthStates */ = {
			isa = PBXGroup;
			children = (
				516B258727E9EAB70070BC61 /* WPHealthState.swift */,
				516B258927E9EC1E0070BC61 /* WPDefendState.swift */,
				516B258B27E9ECA80070BC61 /* WPHitState.swift */,
				516B258D27E9ED0E0070BC61 /* WPDefeatedState.swift */,
				516B258F27E9ED1F0070BC61 /* WPInvulnerableState.swift */,
			);
			path = HealthStates;
			sourceTree = "<group>";
		};
		516B259727EA14F70070BC61 /* GameStates */ = {
			isa = PBXGroup;
			children = (
				516B259827EA15090070BC61 /* WPGameState.swift */,
				516B259A27EA44B50070BC61 /* WPBaseStreakState.swift */,
				516B259C27EA45890070BC61 /* WP2XStreakState.swift */,
				516B259E27EA45BD0070BC61 /* WP3XStreakState.swift */,
				516B25A027EA45EA0070BC61 /* WP4XStreakState.swift */,
				516B25A227EA460F0070BC61 /* WPGameOverState.swift */,
			);
			path = GameStates;
			sourceTree = "<group>";
		};
		51ECA6FA27ECCDC100F2EAAD /* Font */ = {
			isa = PBXGroup;
			children = (
				51ECA6FB27ECCDDC00F2EAAD /* VT323-Regular.ttf */,
			);
			path = Font;
			sourceTree = "<group>";
		};
		51ECA6FE27ED26B800F2EAAD /* Audio */ = {
			isa = PBXGroup;
			children = (
				51ECA70327ED2CF900F2EAAD /* swosh.mp3 */,
				51ECA6FF27ED26E500F2EAAD /* magello2.mp3 */,
			);
			path = Audio;
			sourceTree = "<group>";
		};
/* End PBXGroup section */

/* Begin PBXNativeTarget section */
		516B256127E9CBF60070BC61 /* WillPower */ = {
			isa = PBXNativeTarget;
			buildConfigurationList = 516B257927E9CBF80070BC61 /* Build configuration list for PBXNativeTarget "WillPower" */;
			buildPhases = (
				516B255E27E9CBF60070BC61 /* Sources */,
				516B255F27E9CBF60070BC61 /* Frameworks */,
				516B256027E9CBF60070BC61 /* Resources */,
			);
			buildRules = (
			);
			dependencies = (
			);
			name = WillPower;
			productName = WillPower;
			productReference = 516B256227E9CBF60070BC61 /* WillPower.app */;
			productType = "com.apple.product-type.application";
		};
/* End PBXNativeTarget section */

/* Begin PBXProject section */
		516B255A27E9CBF60070BC61 /* Project object */ = {
			isa = PBXProject;
			attributes = {
				BuildIndependentTargetsInParallel = 1;
				LastSwiftUpdateCheck = 1330;
				LastUpgradeCheck = 1330;
				TargetAttributes = {
					516B256127E9CBF60070BC61 = {
						CreatedOnToolsVersion = 13.3;
					};
				};
			};
			buildConfigurationList = 516B255D27E9CBF60070BC61 /* Build configuration list for PBXProject "WillPower" */;
			compatibilityVersion = "Xcode 13.0";
			developmentRegion = en;
			hasScannedForEncodings = 0;
			knownRegions = (
				en,
				Base,
			);
			mainGroup = 516B255927E9CBF60070BC61;
			productRefGroup = 516B256327E9CBF60070BC61 /* Products */;
			projectDirPath = "";
			projectRoot = "";
			targets = (
				516B256127E9CBF60070BC61 /* WillPower */,
			);
		};
/* End PBXProject section */

/* Begin PBXResourcesBuildPhase section */
		516B256027E9CBF60070BC61 /* Resources */ = {
			isa = PBXResourcesBuildPhase;
			buildActionMask = 2147483647;
			files = (
				516B257127E9CBF60070BC61 /* Main.storyboard in Resources */,
				51ECA70027ED26E500F2EAAD /* magello2.mp3 in Resources */,
				516B257327E9CBF80070BC61 /* Assets.xcassets in Resources */,
				51ECA70427ED2CF900F2EAAD /* swosh.mp3 in Resources */,
				51ECA6FC27ECCDDC00F2EAAD /* VT323-Regular.ttf in Resources */,
				516B257627E9CBF80070BC61 /* LaunchScreen.storyboard in Resources */,
				516B256A27E9CBF60070BC61 /* Actions.sks in Resources */,
			);
			runOnlyForDeploymentPostprocessing = 0;
		};
/* End PBXResourcesBuildPhase section */

/* Begin PBXSourcesBuildPhase section */
		516B255E27E9CBF60070BC61 /* Sources */ = {
			isa = PBXSourcesBuildPhase;
			buildActionMask = 2147483647;
			files = (
				516B258C27E9ECA80070BC61 /* WPHitState.swift in Sources */,
				516B259427E9F7FF0070BC61 /* WPSpriteNode.swift in Sources */,
				516B25A327EA460F0070BC61 /* WPGameOverState.swift in Sources */,
				516B258227E9D2830070BC61 /* WPScene.swift in Sources */,
				516B259027E9ED1F0070BC61 /* WPInvulnerableState.swift in Sources */,
				516B259627E9F84F0070BC61 /* WPSpriteComponent.swift in Sources */,
				516B256E27E9CBF60070BC61 /* GameViewController.swift in Sources */,
				516B25A127EA45EA0070BC61 /* WP4XStreakState.swift in Sources */,
				516B25A527EA91AA0070BC61 /* WPAttackComponent.swift in Sources */,
				516B258627E9E7FD0070BC61 /* WPHealthComponent.swift in Sources */,
				516B259927EA15090070BC61 /* WPGameState.swift in Sources */,
				516B259F27EA45BD0070BC61 /* WP3XStreakState.swift in Sources */,
				516B257D27E9CECC0070BC61 /* WPGame.swift in Sources */,
				516B258A27E9EC1E0070BC61 /* WPDefendState.swift in Sources */,
				516B258427E9E77B0070BC61 /* WPEntity.swift in Sources */,
				516B258827E9EAB70070BC61 /* WPHealthState.swift in Sources */,
				516B259D27EA45890070BC61 /* WP2XStreakState.swift in Sources */,
				516B258E27E9ED0E0070BC61 /* WPDefeatedState.swift in Sources */,
				51ECA70227ED271000F2EAAD /* SKTAudio.swift in Sources */,
				516B259B27EA44B50070BC61 /* WPBaseStreakState.swift in Sources */,
				516B256627E9CBF60070BC61 /* AppDelegate.swift in Sources */,
			);
			runOnlyForDeploymentPostprocessing = 0;
		};
/* End PBXSourcesBuildPhase section */

/* Begin PBXVariantGroup section */
		516B256F27E9CBF60070BC61 /* Main.storyboard */ = {
			isa = PBXVariantGroup;
			children = (
				516B257027E9CBF60070BC61 /* Base */,
			);
			name = Main.storyboard;
			sourceTree = "<group>";
		};
		516B257427E9CBF80070BC61 /* LaunchScreen.storyboard */ = {
			isa = PBXVariantGroup;
			children = (
				516B257527E9CBF80070BC61 /* Base */,
			);
			name = LaunchScreen.storyboard;
			sourceTree = "<group>";
		};
/* End PBXVariantGroup section */

/* Begin XCBuildConfiguration section */
		516B257727E9CBF80070BC61 /* Debug */ = {
			isa = XCBuildConfiguration;
			buildSettings = {
				ALWAYS_SEARCH_USER_PATHS = NO;
				CLANG_ANALYZER_NONNULL = YES;
				CLANG_ANALYZER_NUMBER_OBJECT_CONVERSION = YES_AGGRESSIVE;
				CLANG_CXX_LANGUAGE_STANDARD = "gnu++17";
				CLANG_ENABLE_MODULES = YES;
				CLANG_ENABLE_OBJC_ARC = YES;
				CLANG_ENABLE_OBJC_WEAK = YES;
				CLANG_WARN_BLOCK_CAPTURE_AUTORELEASING = YES;
				CLANG_WARN_BOOL_CONVERSION = YES;
				CLANG_WARN_COMMA = YES;
				CLANG_WARN_CONSTANT_CONVERSION = YES;
				CLANG_WARN_DEPRECATED_OBJC_IMPLEMENTATIONS = YES;
				CLANG_WARN_DIRECT_OBJC_ISA_USAGE = YES_ERROR;
				CLANG_WARN_DOCUMENTATION_COMMENTS = YES;
				CLANG_WARN_EMPTY_BODY = YES;
				CLANG_WARN_ENUM_CONVERSION = YES;
				CLANG_WARN_INFINITE_RECURSION = YES;
				CLANG_WARN_INT_CONVERSION = YES;
				CLANG_WARN_NON_LITERAL_NULL_CONVERSION = YES;
				CLANG_WARN_OBJC_IMPLICIT_RETAIN_SELF = YES;
				CLANG_WARN_OBJC_LITERAL_CONVERSION = YES;
				CLANG_WARN_OBJC_ROOT_CLASS = YES_ERROR;
				CLANG_WARN_QUOTED_INCLUDE_IN_FRAMEWORK_HEADER = YES;
				CLANG_WARN_RANGE_LOOP_ANALYSIS = YES;
				CLANG_WARN_STRICT_PROTOTYPES = YES;
				CLANG_WARN_SUSPICIOUS_MOVE = YES;
				CLANG_WARN_UNGUARDED_AVAILABILITY = YES_AGGRESSIVE;
				CLANG_WARN_UNREACHABLE_CODE = YES;
				CLANG_WARN__DUPLICATE_METHOD_MATCH = YES;
				COPY_PHASE_STRIP = NO;
				DEBUG_INFORMATION_FORMAT = dwarf;
				ENABLE_STRICT_OBJC_MSGSEND = YES;
				ENABLE_TESTABILITY = YES;
				GCC_C_LANGUAGE_STANDARD = gnu11;
				GCC_DYNAMIC_NO_PIC = NO;
				GCC_NO_COMMON_BLOCKS = YES;
				GCC_OPTIMIZATION_LEVEL = 0;
				GCC_PREPROCESSOR_DEFINITIONS = (
					"DEBUG=1",
					"$(inherited)",
				);
				GCC_WARN_64_TO_32_BIT_CONVERSION = YES;
				GCC_WARN_ABOUT_RETURN_TYPE = YES_ERROR;
				GCC_WARN_UNDECLARED_SELECTOR = YES;
				GCC_WARN_UNINITIALIZED_AUTOS = YES_AGGRESSIVE;
				GCC_WARN_UNUSED_FUNCTION = YES;
				GCC_WARN_UNUSED_VARIABLE = YES;
				IPHONEOS_DEPLOYMENT_TARGET = 15.0;
				MTL_ENABLE_DEBUG_INFO = INCLUDE_SOURCE;
				MTL_FAST_MATH = YES;
				ONLY_ACTIVE_ARCH = YES;
				SDKROOT = iphoneos;
				SWIFT_ACTIVE_COMPILATION_CONDITIONS = DEBUG;
				SWIFT_OPTIMIZATION_LEVEL = "-Onone";
			};
			name = Debug;
		};
		516B257827E9CBF80070BC61 /* Release */ = {
			isa = XCBuildConfiguration;
			buildSettings = {
				ALWAYS_SEARCH_USER_PATHS = NO;
				CLANG_ANALYZER_NONNULL = YES;
				CLANG_ANALYZER_NUMBER_OBJECT_CONVERSION = YES_AGGRESSIVE;
				CLANG_CXX_LANGUAGE_STANDARD = "gnu++17";
				CLANG_ENABLE_MODULES = YES;
				CLANG_ENABLE_OBJC_ARC = YES;
				CLANG_ENABLE_OBJC_WEAK = YES;
				CLANG_WARN_BLOCK_CAPTURE_AUTORELEASING = YES;
				CLANG_WARN_BOOL_CONVERSION = YES;
				CLANG_WARN_COMMA = YES;
				CLANG_WARN_CONSTANT_CONVERSION = YES;
				CLANG_WARN_DEPRECATED_OBJC_IMPLEMENTATIONS = YES;
				CLANG_WARN_DIRECT_OBJC_ISA_USAGE = YES_ERROR;
				CLANG_WARN_DOCUMENTATION_COMMENTS = YES;
				CLANG_WARN_EMPTY_BODY = YES;
				CLANG_WARN_ENUM_CONVERSION = YES;
				CLANG_WARN_INFINITE_RECURSION = YES;
				CLANG_WARN_INT_CONVERSION = YES;
				CLANG_WARN_NON_LITERAL_NULL_CONVERSION = YES;
				CLANG_WARN_OBJC_IMPLICIT_RETAIN_SELF = YES;
				CLANG_WARN_OBJC_LITERAL_CONVERSION = YES;
				CLANG_WARN_OBJC_ROOT_CLASS = YES_ERROR;
				CLANG_WARN_QUOTED_INCLUDE_IN_FRAMEWORK_HEADER = YES;
				CLANG_WARN_RANGE_LOOP_ANALYSIS = YES;
				CLANG_WARN_STRICT_PROTOTYPES = YES;
				CLANG_WARN_SUSPICIOUS_MOVE = YES;
				CLANG_WARN_UNGUARDED_AVAILABILITY = YES_AGGRESSIVE;
				CLANG_WARN_UNREACHABLE_CODE = YES;
				CLANG_WARN__DUPLICATE_METHOD_MATCH = YES;
				COPY_PHASE_STRIP = NO;
				DEBUG_INFORMATION_FORMAT = "dwarf-with-dsym";
				ENABLE_NS_ASSERTIONS = NO;
				ENABLE_STRICT_OBJC_MSGSEND = YES;
				GCC_C_LANGUAGE_STANDARD = gnu11;
				GCC_NO_COMMON_BLOCKS = YES;
				GCC_WARN_64_TO_32_BIT_CONVERSION = YES;
				GCC_WARN_ABOUT_RETURN_TYPE = YES_ERROR;
				GCC_WARN_UNDECLARED_SELECTOR = YES;
				GCC_WARN_UNINITIALIZED_AUTOS = YES_AGGRESSIVE;
				GCC_WARN_UNUSED_FUNCTION = YES;
				GCC_WARN_UNUSED_VARIABLE = YES;
				IPHONEOS_DEPLOYMENT_TARGET = 15.0;
				MTL_ENABLE_DEBUG_INFO = NO;
				MTL_FAST_MATH = YES;
				SDKROOT = iphoneos;
				SWIFT_COMPILATION_MODE = wholemodule;
				SWIFT_OPTIMIZATION_LEVEL = "-O";
				VALIDATE_PRODUCT = YES;
			};
			name = Release;
		};
		516B257A27E9CBF80070BC61 /* Debug */ = {
			isa = XCBuildConfiguration;
			buildSettings = {
				ASSETCATALOG_COMPILER_APPICON_NAME = AppIcon;
				ASSETCATALOG_COMPILER_GLOBAL_ACCENT_COLOR_NAME = AccentColor;
				CODE_SIGN_STYLE = Automatic;
				CURRENT_PROJECT_VERSION = 7;
				DEVELOPMENT_TEAM = SA4H49C4LT;
				GENERATE_INFOPLIST_FILE = YES;
				INFOPLIST_FILE = WillPower/Info.plist;
				INFOPLIST_KEY_UIApplicationSupportsIndirectInputEvents = YES;
				INFOPLIST_KEY_UILaunchStoryboardName = LaunchScreen;
				INFOPLIST_KEY_UIMainStoryboardFile = Main;
				INFOPLIST_KEY_UIRequiredDeviceCapabilities = gamekit;
				INFOPLIST_KEY_UIRequiresFullScreen = YES;
				INFOPLIST_KEY_UIStatusBarHidden = YES;
				INFOPLIST_KEY_UISupportedInterfaceOrientations = UIInterfaceOrientationPortrait;
				INFOPLIST_KEY_UISupportedInterfaceOrientations_iPad = "UIInterfaceOrientationPortrait UIInterfaceOrientationPortraitUpsideDown UIInterfaceOrientationLandscapeLeft UIInterfaceOrientationLandscapeRight";
				INFOPLIST_KEY_UISupportedInterfaceOrientations_iPhone = "UIInterfaceOrientationPortrait UIInterfaceOrientationLandscapeLeft UIInterfaceOrientationLandscapeRight";
				IPHONEOS_DEPLOYMENT_TARGET = 15.0;
				LD_RUNPATH_SEARCH_PATHS = (
					"$(inherited)",
					"@executable_path/Frameworks",
				);
				MARKETING_VERSION = 0.0.1;
				PRODUCT_BUNDLE_IDENTIFIER = orleonedev.gamejam.WillPower;
				PRODUCT_NAME = "$(TARGET_NAME)";
				SWIFT_EMIT_LOC_STRINGS = YES;
				SWIFT_VERSION = 5.0;
				TARGETED_DEVICE_FAMILY = "1,2";
			};
			name = Debug;
		};
		516B257B27E9CBF80070BC61 /* Release */ = {
			isa = XCBuildConfiguration;
			buildSettings = {
				ASSETCATALOG_COMPILER_APPICON_NAME = AppIcon;
				ASSETCATALOG_COMPILER_GLOBAL_ACCENT_COLOR_NAME = AccentColor;
				CODE_SIGN_STYLE = Automatic;
				CURRENT_PROJECT_VERSION = 7;
				DEVELOPMENT_TEAM = SA4H49C4LT;
				GENERATE_INFOPLIST_FILE = YES;
				INFOPLIST_FILE = WillPower/Info.plist;
				INFOPLIST_KEY_UIApplicationSupportsIndirectInputEvents = YES;
				INFOPLIST_KEY_UILaunchStoryboardName = LaunchScreen;
				INFOPLIST_KEY_UIMainStoryboardFile = Main;
				INFOPLIST_KEY_UIRequiredDeviceCapabilities = gamekit;
				INFOPLIST_KEY_UIRequiresFullScreen = YES;
				INFOPLIST_KEY_UIStatusBarHidden = YES;
				INFOPLIST_KEY_UISupportedInterfaceOrientations = UIInterfaceOrientationPortrait;
				INFOPLIST_KEY_UISupportedInterfaceOrientations_iPad = "UIInterfaceOrientationPortrait UIInterfaceOrientationPortraitUpsideDown UIInterfaceOrientationLandscapeLeft UIInterfaceOrientationLandscapeRight";
				INFOPLIST_KEY_UISupportedInterfaceOrientations_iPhone = "UIInterfaceOrientationPortrait UIInterfaceOrientationLandscapeLeft UIInterfaceOrientationLandscapeRight";
				IPHONEOS_DEPLOYMENT_TARGET = 15.0;
				LD_RUNPATH_SEARCH_PATHS = (
					"$(inherited)",
					"@executable_path/Frameworks",
				);
				MARKETING_VERSION = 0.0.1;
				PRODUCT_BUNDLE_IDENTIFIER = orleonedev.gamejam.WillPower;
				PRODUCT_NAME = "$(TARGET_NAME)";
				SWIFT_EMIT_LOC_STRINGS = YES;
				SWIFT_VERSION = 5.0;
				TARGETED_DEVICE_FAMILY = "1,2";
			};
			name = Release;
		};
/* End XCBuildConfiguration section */

/* Begin XCConfigurationList section */
		516B255D27E9CBF60070BC61 /* Build configuration list for PBXProject "WillPower" */ = {
			isa = XCConfigurationList;
			buildConfigurations = (
				516B257727E9CBF80070BC61 /* Debug */,
				516B257827E9CBF80070BC61 /* Release */,
			);
			defaultConfigurationIsVisible = 0;
			defaultConfigurationName = Release;
		};
		516B257927E9CBF80070BC61 /* Build configuration list for PBXNativeTarget "WillPower" */ = {
			isa = XCConfigurationList;
			buildConfigurations = (
				516B257A27E9CBF80070BC61 /* Debug */,
				516B257B27E9CBF80070BC61 /* Release */,
			);
			defaultConfigurationIsVisible = 0;
			defaultConfigurationName = Release;
		};
/* End XCConfigurationList section */
	};
	rootObject = 516B255A27E9CBF60070BC61 /* Project object */;
}
